
Microsoft Visual Studio Solution File, Format Version 12.00
# Visual Studio Version 16
VisualStudioVersion = 16.0.30114.105
MinimumVisualStudioVersion = 10.0.40219.1
Project("{FAE04EC0-301F-11D3-BF4B-00C04F79EFBC}") = "Day1", "Day1\Day1.csproj", "{005988C5-520F-43EF-A719-945065066488}"
EndProject
Project("{FAE04EC0-301F-11D3-BF4B-00C04F79EFBC}") = "AoC2021", "AoC2021\AoC2021.csproj", "{55474DE4-339F-4D06-A362-D8B3D9C16751}"
EndProject
Project("{FAE04EC0-301F-11D3-BF4B-00C04F79EFBC}") = "AoC2021.Tests", "AoC2021.Tests\AoC2021.Tests.csproj", "{D00251A0-F392-4868-914E-E6EBCD821083}"
EndProject
Project("{FAE04EC0-301F-11D3-BF4B-00C04F79EFBC}") = "Day2", "Day2\Day2.csproj", "{B0F09528-774A-4A53-9B36-20D4D3435EA7}"
EndProject
Project("{FAE04EC0-301F-11D3-BF4B-00C04F79EFBC}") = "Day3", "Day3\Day3.csproj", "{9943EB86-8097-4B72-AE39-653F681FC714}"
EndProject
Project("{FAE04EC0-301F-11D3-BF4B-00C04F79EFBC}") = "Day4", "Day4\Day4.csproj", "{5CB87705-D3FC-44C8-A9E0-B4E5DCDD46C5}"
EndProject
Project("{FAE04EC0-301F-11D3-BF4B-00C04F79EFBC}") = "Day5", "Day5\Day5.csproj", "{422D902C-637A-47C7-8ABC-636B452C8551}"
EndProject
Project("{FAE04EC0-301F-11D3-BF4B-00C04F79EFBC}") = "Day6", "Day6\Day6.csproj", "{D2E38F0D-BD0B-4C31-A3F1-5F9472FF07E5}"
EndProject
Project("{FAE04EC0-301F-11D3-BF4B-00C04F79EFBC}") = "Day7", "Day7\Day7.csproj", "{CE1386C6-7362-4878-924D-93A4527B6317}"
EndProject
Project("{FAE04EC0-301F-11D3-BF4B-00C04F79EFBC}") = "Day8", "Day8\Day8.csproj", "{A354E3BE-687F-40B7-BE97-2C62B2E98CDB}"
EndProject
Project("{FAE04EC0-301F-11D3-BF4B-00C04F79EFBC}") = "Day9", "Day9\Day9.csproj", "{EB6C1F1E-A1C3-46D4-8D67-E28C9841F47A}"
EndProject
Project("{FAE04EC0-301F-11D3-BF4B-00C04F79EFBC}") = "Day10", "Day10\Day10.csproj", "{CB0665F7-0031-4213-B3F2-13563EF9DEF1}"
EndProject
Project("{FAE04EC0-301F-11D3-BF4B-00C04F79EFBC}") = "Day11", "Day11\Day11.csproj", "{FB1B7382-C18D-4A9F-8CF7-C35529FFCEFA}"
EndProject
Global
	GlobalSection(SolutionProperties) = preSolution
		HideSolutionNode = FALSE
	EndGlobalSection
	GlobalSection(SolutionConfigurationPlatforms) = preSolution
		Debug|Any CPU = Debug|Any CPU
		Debug|x64 = Debug|x64
		Debug|x86 = Debug|x86
		Release|Any CPU = Release|Any CPU
		Release|x64 = Release|x64
		Release|x86 = Release|x86
	EndGlobalSection
	GlobalSection(ProjectConfigurationPlatforms) = postSolution
		{005988C5-520F-43EF-A719-945065066488}.Debug|Any CPU.ActiveCfg = Debug|Any CPU
		{005988C5-520F-43EF-A719-945065066488}.Debug|Any CPU.Build.0 = Debug|Any CPU
		{005988C5-520F-43EF-A719-945065066488}.Debug|x64.ActiveCfg = Debug|Any CPU
		{005988C5-520F-43EF-A719-945065066488}.Debug|x64.Build.0 = Debug|Any CPU
		{005988C5-520F-43EF-A719-945065066488}.Debug|x86.ActiveCfg = Debug|Any CPU
		{005988C5-520F-43EF-A719-945065066488}.Debug|x86.Build.0 = Debug|Any CPU
		{005988C5-520F-43EF-A719-945065066488}.Release|Any CPU.ActiveCfg = Release|Any CPU
		{005988C5-520F-43EF-A719-945065066488}.Release|Any CPU.Build.0 = Release|Any CPU
		{005988C5-520F-43EF-A719-945065066488}.Release|x64.ActiveCfg = Release|Any CPU
		{005988C5-520F-43EF-A719-945065066488}.Release|x64.Build.0 = Release|Any CPU
		{005988C5-520F-43EF-A719-945065066488}.Release|x86.ActiveCfg = Release|Any CPU
		{005988C5-520F-43EF-A719-945065066488}.Release|x86.Build.0 = Release|Any CPU
		{55474DE4-339F-4D06-A362-D8B3D9C16751}.Debug|Any CPU.ActiveCfg = Debug|Any CPU
		{55474DE4-339F-4D06-A362-D8B3D9C16751}.Debug|Any CPU.Build.0 = Debug|Any CPU
		{55474DE4-339F-4D06-A362-D8B3D9C16751}.Debug|x64.ActiveCfg = Debug|Any CPU
		{55474DE4-339F-4D06-A362-D8B3D9C16751}.Debug|x64.Build.0 = Debug|Any CPU
		{55474DE4-339F-4D06-A362-D8B3D9C16751}.Debug|x86.ActiveCfg = Debug|Any CPU
		{55474DE4-339F-4D06-A362-D8B3D9C16751}.Debug|x86.Build.0 = Debug|Any CPU
		{55474DE4-339F-4D06-A362-D8B3D9C16751}.Release|Any CPU.ActiveCfg = Release|Any CPU
		{55474DE4-339F-4D06-A362-D8B3D9C16751}.Release|Any CPU.Build.0 = Release|Any CPU
		{55474DE4-339F-4D06-A362-D8B3D9C16751}.Release|x64.ActiveCfg = Release|Any CPU
		{55474DE4-339F-4D06-A362-D8B3D9C16751}.Release|x64.Build.0 = Release|Any CPU
		{55474DE4-339F-4D06-A362-D8B3D9C16751}.Release|x86.ActiveCfg = Release|Any CPU
		{55474DE4-339F-4D06-A362-D8B3D9C16751}.Release|x86.Build.0 = Release|Any CPU
		{D00251A0-F392-4868-914E-E6EBCD821083}.Debug|Any CPU.ActiveCfg = Debug|Any CPU
		{D00251A0-F392-4868-914E-E6EBCD821083}.Debug|Any CPU.Build.0 = Debug|Any CPU
		{D00251A0-F392-4868-914E-E6EBCD821083}.Debug|x64.ActiveCfg = Debug|Any CPU
		{D00251A0-F392-4868-914E-E6EBCD821083}.Debug|x64.Build.0 = Debug|Any CPU
		{D00251A0-F392-4868-914E-E6EBCD821083}.Debug|x86.ActiveCfg = Debug|Any CPU
		{D00251A0-F392-4868-914E-E6EBCD821083}.Debug|x86.Build.0 = Debug|Any CPU
		{D00251A0-F392-4868-914E-E6EBCD821083}.Release|Any CPU.ActiveCfg = Release|Any CPU
		{D00251A0-F392-4868-914E-E6EBCD821083}.Release|Any CPU.Build.0 = Release|Any CPU
		{D00251A0-F392-4868-914E-E6EBCD821083}.Release|x64.ActiveCfg = Release|Any CPU
		{D00251A0-F392-4868-914E-E6EBCD821083}.Release|x64.Build.0 = Release|Any CPU
		{D00251A0-F392-4868-914E-E6EBCD821083}.Release|x86.ActiveCfg = Release|Any CPU
		{D00251A0-F392-4868-914E-E6EBCD821083}.Release|x86.Build.0 = Release|Any CPU
		{B0F09528-774A-4A53-9B36-20D4D3435EA7}.Debug|Any CPU.ActiveCfg = Debug|Any CPU
		{B0F09528-774A-4A53-9B36-20D4D3435EA7}.Debug|Any CPU.Build.0 = Debug|Any CPU
		{B0F09528-774A-4A53-9B36-20D4D3435EA7}.Debug|x64.ActiveCfg = Debug|Any CPU
		{B0F09528-774A-4A53-9B36-20D4D3435EA7}.Debug|x64.Build.0 = Debug|Any CPU
		{B0F09528-774A-4A53-9B36-20D4D3435EA7}.Debug|x86.ActiveCfg = Debug|Any CPU
		{B0F09528-774A-4A53-9B36-20D4D3435EA7}.Debug|x86.Build.0 = Debug|Any CPU
		{B0F09528-774A-4A53-9B36-20D4D3435EA7}.Release|Any CPU.ActiveCfg = Release|Any CPU
		{B0F09528-774A-4A53-9B36-20D4D3435EA7}.Release|Any CPU.Build.0 = Release|Any CPU
		{B0F09528-774A-4A53-9B36-20D4D3435EA7}.Release|x64.ActiveCfg = Release|Any CPU
		{B0F09528-774A-4A53-9B36-20D4D3435EA7}.Release|x64.Build.0 = Release|Any CPU
		{B0F09528-774A-4A53-9B36-20D4D3435EA7}.Release|x86.ActiveCfg = Release|Any CPU
		{B0F09528-774A-4A53-9B36-20D4D3435EA7}.Release|x86.Build.0 = Release|Any CPU
		{9943EB86-8097-4B72-AE39-653F681FC714}.Debug|Any CPU.ActiveCfg = Debug|Any CPU
		{9943EB86-8097-4B72-AE39-653F681FC714}.Debug|Any CPU.Build.0 = Debug|Any CPU
		{9943EB86-8097-4B72-AE39-653F681FC714}.Debug|x64.ActiveCfg = Debug|Any CPU
		{9943EB86-8097-4B72-AE39-653F681FC714}.Debug|x64.Build.0 = Debug|Any CPU
		{9943EB86-8097-4B72-AE39-653F681FC714}.Debug|x86.ActiveCfg = Debug|Any CPU
		{9943EB86-8097-4B72-AE39-653F681FC714}.Debug|x86.Build.0 = Debug|Any CPU
		{9943EB86-8097-4B72-AE39-653F681FC714}.Release|Any CPU.ActiveCfg = Release|Any CPU
		{9943EB86-8097-4B72-AE39-653F681FC714}.Release|Any CPU.Build.0 = Release|Any CPU
		{9943EB86-8097-4B72-AE39-653F681FC714}.Release|x64.ActiveCfg = Release|Any CPU
		{9943EB86-8097-4B72-AE39-653F681FC714}.Release|x64.Build.0 = Release|Any CPU
		{9943EB86-8097-4B72-AE39-653F681FC714}.Release|x86.ActiveCfg = Release|Any CPU
		{9943EB86-8097-4B72-AE39-653F681FC714}.Release|x86.Build.0 = Release|Any CPU
		{5CB87705-D3FC-44C8-A9E0-B4E5DCDD46C5}.Debug|Any CPU.ActiveCfg = Debug|Any CPU
		{5CB87705-D3FC-44C8-A9E0-B4E5DCDD46C5}.Debug|Any CPU.Build.0 = Debug|Any CPU
		{5CB87705-D3FC-44C8-A9E0-B4E5DCDD46C5}.Debug|x64.ActiveCfg = Debug|Any CPU
		{5CB87705-D3FC-44C8-A9E0-B4E5DCDD46C5}.Debug|x64.Build.0 = Debug|Any CPU
		{5CB87705-D3FC-44C8-A9E0-B4E5DCDD46C5}.Debug|x86.ActiveCfg = Debug|Any CPU
		{5CB87705-D3FC-44C8-A9E0-B4E5DCDD46C5}.Debug|x86.Build.0 = Debug|Any CPU
		{5CB87705-D3FC-44C8-A9E0-B4E5DCDD46C5}.Release|Any CPU.ActiveCfg = Release|Any CPU
		{5CB87705-D3FC-44C8-A9E0-B4E5DCDD46C5}.Release|Any CPU.Build.0 = Release|Any CPU
		{5CB87705-D3FC-44C8-A9E0-B4E5DCDD46C5}.Release|x64.ActiveCfg = Release|Any CPU
		{5CB87705-D3FC-44C8-A9E0-B4E5DCDD46C5}.Release|x64.Build.0 = Release|Any CPU
		{5CB87705-D3FC-44C8-A9E0-B4E5DCDD46C5}.Release|x86.ActiveCfg = Release|Any CPU
		{5CB87705-D3FC-44C8-A9E0-B4E5DCDD46C5}.Release|x86.Build.0 = Release|Any CPU
		{422D902C-637A-47C7-8ABC-636B452C8551}.Debug|Any CPU.ActiveCfg = Debug|Any CPU
		{422D902C-637A-47C7-8ABC-636B452C8551}.Debug|Any CPU.Build.0 = Debug|Any CPU
		{422D902C-637A-47C7-8ABC-636B452C8551}.Debug|x64.ActiveCfg = Debug|Any CPU
		{422D902C-637A-47C7-8ABC-636B452C8551}.Debug|x64.Build.0 = Debug|Any CPU
		{422D902C-637A-47C7-8ABC-636B452C8551}.Debug|x86.ActiveCfg = Debug|Any CPU
		{422D902C-637A-47C7-8ABC-636B452C8551}.Debug|x86.Build.0 = Debug|Any CPU
		{422D902C-637A-47C7-8ABC-636B452C8551}.Release|Any CPU.ActiveCfg = Release|Any CPU
		{422D902C-637A-47C7-8ABC-636B452C8551}.Release|Any CPU.Build.0 = Release|Any CPU
		{422D902C-637A-47C7-8ABC-636B452C8551}.Release|x64.ActiveCfg = Release|Any CPU
		{422D902C-637A-47C7-8ABC-636B452C8551}.Release|x64.Build.0 = Release|Any CPU
		{422D902C-637A-47C7-8ABC-636B452C8551}.Release|x86.ActiveCfg = Release|Any CPU
		{422D902C-637A-47C7-8ABC-636B452C8551}.Release|x86.Build.0 = Release|Any CPU
		{D2E38F0D-BD0B-4C31-A3F1-5F9472FF07E5}.Debug|Any CPU.ActiveCfg = Debug|Any CPU
		{D2E38F0D-BD0B-4C31-A3F1-5F9472FF07E5}.Debug|Any CPU.Build.0 = Debug|Any CPU
		{D2E38F0D-BD0B-4C31-A3F1-5F9472FF07E5}.Debug|x64.ActiveCfg = Debug|Any CPU
		{D2E38F0D-BD0B-4C31-A3F1-5F9472FF07E5}.Debug|x64.Build.0 = Debug|Any CPU
		{D2E38F0D-BD0B-4C31-A3F1-5F9472FF07E5}.Debug|x86.ActiveCfg = Debug|Any CPU
		{D2E38F0D-BD0B-4C31-A3F1-5F9472FF07E5}.Debug|x86.Build.0 = Debug|Any CPU
		{D2E38F0D-BD0B-4C31-A3F1-5F9472FF07E5}.Release|Any CPU.ActiveCfg = Release|Any CPU
		{D2E38F0D-BD0B-4C31-A3F1-5F9472FF07E5}.Release|Any CPU.Build.0 = Release|Any CPU
		{D2E38F0D-BD0B-4C31-A3F1-5F9472FF07E5}.Release|x64.ActiveCfg = Release|Any CPU
		{D2E38F0D-BD0B-4C31-A3F1-5F9472FF07E5}.Release|x64.Build.0 = Release|Any CPU
		{D2E38F0D-BD0B-4C31-A3F1-5F9472FF07E5}.Release|x86.ActiveCfg = Release|Any CPU
		{D2E38F0D-BD0B-4C31-A3F1-5F9472FF07E5}.Release|x86.Build.0 = Release|Any CPU
		{CE1386C6-7362-4878-924D-93A4527B6317}.Debug|Any CPU.ActiveCfg = Debug|Any CPU
		{CE1386C6-7362-4878-924D-93A4527B6317}.Debug|Any CPU.Build.0 = Debug|Any CPU
		{CE1386C6-7362-4878-924D-93A4527B6317}.Debug|x64.ActiveCfg = Debug|Any CPU
		{CE1386C6-7362-4878-924D-93A4527B6317}.Debug|x64.Build.0 = Debug|Any CPU
		{CE1386C6-7362-4878-924D-93A4527B6317}.Debug|x86.ActiveCfg = Debug|Any CPU
		{CE1386C6-7362-4878-924D-93A4527B6317}.Debug|x86.Build.0 = Debug|Any CPU
		{CE1386C6-7362-4878-924D-93A4527B6317}.Release|Any CPU.ActiveCfg = Release|Any CPU
		{CE1386C6-7362-4878-924D-93A4527B6317}.Release|Any CPU.Build.0 = Release|Any CPU
		{CE1386C6-7362-4878-924D-93A4527B6317}.Release|x64.ActiveCfg = Release|Any CPU
		{CE1386C6-7362-4878-924D-93A4527B6317}.Release|x64.Build.0 = Release|Any CPU
		{CE1386C6-7362-4878-924D-93A4527B6317}.Release|x86.ActiveCfg = Release|Any CPU
		{CE1386C6-7362-4878-924D-93A4527B6317}.Release|x86.Build.0 = Release|Any CPU
		{A354E3BE-687F-40B7-BE97-2C62B2E98CDB}.Debug|Any CPU.ActiveCfg = Debug|Any CPU
		{A354E3BE-687F-40B7-BE97-2C62B2E98CDB}.Debug|Any CPU.Build.0 = Debug|Any CPU
		{A354E3BE-687F-40B7-BE97-2C62B2E98CDB}.Debug|x64.ActiveCfg = Debug|Any CPU
		{A354E3BE-687F-40B7-BE97-2C62B2E98CDB}.Debug|x64.Build.0 = Debug|Any CPU
		{A354E3BE-687F-40B7-BE97-2C62B2E98CDB}.Debug|x86.ActiveCfg = Debug|Any CPU
		{A354E3BE-687F-40B7-BE97-2C62B2E98CDB}.Debug|x86.Build.0 = Debug|Any CPU
		{A354E3BE-687F-40B7-BE97-2C62B2E98CDB}.Release|Any CPU.ActiveCfg = Release|Any CPU
		{A354E3BE-687F-40B7-BE97-2C62B2E98CDB}.Release|Any CPU.Build.0 = Release|Any CPU
		{A354E3BE-687F-40B7-BE97-2C62B2E98CDB}.Release|x64.ActiveCfg = Release|Any CPU
		{A354E3BE-687F-40B7-BE97-2C62B2E98CDB}.Release|x64.Build.0 = Release|Any CPU
		{A354E3BE-687F-40B7-BE97-2C62B2E98CDB}.Release|x86.ActiveCfg = Release|Any CPU
		{A354E3BE-687F-40B7-BE97-2C62B2E98CDB}.Release|x86.Build.0 = Release|Any CPU
		{EB6C1F1E-A1C3-46D4-8D67-E28C9841F47A}.Debug|Any CPU.ActiveCfg = Debug|Any CPU
		{EB6C1F1E-A1C3-46D4-8D67-E28C9841F47A}.Debug|Any CPU.Build.0 = Debug|Any CPU
		{EB6C1F1E-A1C3-46D4-8D67-E28C9841F47A}.Debug|x64.ActiveCfg = Debug|Any CPU
		{EB6C1F1E-A1C3-46D4-8D67-E28C9841F47A}.Debug|x64.Build.0 = Debug|Any CPU
		{EB6C1F1E-A1C3-46D4-8D67-E28C9841F47A}.Debug|x86.ActiveCfg = Debug|Any CPU
		{EB6C1F1E-A1C3-46D4-8D67-E28C9841F47A}.Debug|x86.Build.0 = Debug|Any CPU
		{EB6C1F1E-A1C3-46D4-8D67-E28C9841F47A}.Release|Any CPU.ActiveCfg = Release|Any CPU
		{EB6C1F1E-A1C3-46D4-8D67-E28C9841F47A}.Release|Any CPU.Build.0 = Release|Any CPU
		{EB6C1F1E-A1C3-46D4-8D67-E28C9841F47A}.Release|x64.ActiveCfg = Release|Any CPU
		{EB6C1F1E-A1C3-46D4-8D67-E28C9841F47A}.Release|x64.Build.0 = Release|Any CPU
		{EB6C1F1E-A1C3-46D4-8D67-E28C9841F47A}.Release|x86.ActiveCfg = Release|Any CPU
		{EB6C1F1E-A1C3-46D4-8D67-E28C9841F47A}.Release|x86.Build.0 = Release|Any CPU
		{CB0665F7-0031-4213-B3F2-13563EF9DEF1}.Debug|Any CPU.ActiveCfg = Debug|Any CPU
		{CB0665F7-0031-4213-B3F2-13563EF9DEF1}.Debug|Any CPU.Build.0 = Debug|Any CPU
		{CB0665F7-0031-4213-B3F2-13563EF9DEF1}.Debug|x64.ActiveCfg = Debug|Any CPU
		{CB0665F7-0031-4213-B3F2-13563EF9DEF1}.Debug|x64.Build.0 = Debug|Any CPU
		{CB0665F7-0031-4213-B3F2-13563EF9DEF1}.Debug|x86.ActiveCfg = Debug|Any CPU
		{CB0665F7-0031-4213-B3F2-13563EF9DEF1}.Debug|x86.Build.0 = Debug|Any CPU
		{CB0665F7-0031-4213-B3F2-13563EF9DEF1}.Release|Any CPU.ActiveCfg = Release|Any CPU
		{CB0665F7-0031-4213-B3F2-13563EF9DEF1}.Release|Any CPU.Build.0 = Release|Any CPU
		{CB0665F7-0031-4213-B3F2-13563EF9DEF1}.Release|x64.ActiveCfg = Release|Any CPU
		{CB0665F7-0031-4213-B3F2-13563EF9DEF1}.Release|x64.Build.0 = Release|Any CPU
		{CB0665F7-0031-4213-B3F2-13563EF9DEF1}.Release|x86.ActiveCfg = Release|Any CPU
		{CB0665F7-0031-4213-B3F2-13563EF9DEF1}.Release|x86.Build.0 = Release|Any CPU
		{FB1B7382-C18D-4A9F-8CF7-C35529FFCEFA}.Debug|Any CPU.ActiveCfg = Debug|Any CPU
		{FB1B7382-C18D-4A9F-8CF7-C35529FFCEFA}.Debug|Any CPU.Build.0 = Debug|Any CPU
		{FB1B7382-C18D-4A9F-8CF7-C35529FFCEFA}.Debug|x64.ActiveCfg = Debug|Any CPU
		{FB1B7382-C18D-4A9F-8CF7-C35529FFCEFA}.Debug|x64.Build.0 = Debug|Any CPU
		{FB1B7382-C18D-4A9F-8CF7-C35529FFCEFA}.Debug|x86.ActiveCfg = Debug|Any CPU
		{FB1B7382-C18D-4A9F-8CF7-C35529FFCEFA}.Debug|x86.Build.0 = Debug|Any CPU
		{FB1B7382-C18D-4A9F-8CF7-C35529FFCEFA}.Release|Any CPU.ActiveCfg = Release|Any CPU
		{FB1B7382-C18D-4A9F-8CF7-C35529FFCEFA}.Release|Any CPU.Build.0 = Release|Any CPU
		{FB1B7382-C18D-4A9F-8CF7-C35529FFCEFA}.Release|x64.ActiveCfg = Release|Any CPU
		{FB1B7382-C18D-4A9F-8CF7-C35529FFCEFA}.Release|x64.Build.0 = Release|Any CPU
		{FB1B7382-C18D-4A9F-8CF7-C35529FFCEFA}.Release|x86.ActiveCfg = Release|Any CPU
		{FB1B7382-C18D-4A9F-8CF7-C35529FFCEFA}.Release|x86.Build.0 = Release|Any CPU
	EndGlobalSection
EndGlobal
